
Microsoft Visual Studio Solution File, Format Version 12.00
# Visual Studio Version 16
VisualStudioVersion = 16.0.30011.22
MinimumVisualStudioVersion = 10.0.40219.1
Project("{FAE04EC0-301F-11D3-BF4B-00C04F79EFBC}") = "PatchAnything", "PatchAnything.csproj", "{A74472CE-D66A-4CF4-A5E0-AC5337C570AA}"
EndProject
Global
	GlobalSection(SolutionConfigurationPlatforms) = preSolution
		Debug|Any CPU = Debug|Any CPU
		Release|Any CPU = Release|Any CPU
	EndGlobalSection
	GlobalSection(ProjectConfigurationPlatforms) = postSolution
		{A74472CE-D66A-4CF4-A5E0-AC5337C570AA}.Debug|Any CPU.ActiveCfg = Debug|Any CPU
		{A74472CE-D66A-4CF4-A5E0-AC5337C570AA}.Debug|Any CPU.Build.0 = Debug|Any CPU
		{A74472CE-D66A-4CF4-A5E0-AC5337C570AA}.Release|Any CPU.ActiveCfg = Release|Any CPU
		{A74472CE-D66A-4CF4-A5E0-AC5337C570AA}.Release|Any CPU.Build.0 = Release|Any CPU
	EndGlobalSection
	GlobalSection(SolutionProperties) = preSolution
		HideSolutionNode = FALSE
	EndGlobalSection
	GlobalSection(ExtensibilityGlobals) = postSolution
		SolutionGuid = {DD435722-E340-4400-B3AC-80A9002BBB5A}
	EndGlobalSection
EndGlobal
